// !$*UTF8*$!
{
	archiveVersion = 1;
	classes = {
	};
	objectVersion = 56;
	objects = {

/* Begin PBXBuildFile section */
		57DE2C1D2A8B7DB50032C4CA /* AppDelegate.swift in Sources */ = {isa = PBXBuildFile; fileRef = 57DE2C1C2A8B7DB50032C4CA /* AppDelegate.swift */; };
		57DE2C1F2A8B7DB50032C4CA /* SceneDelegate.swift in Sources */ = {isa = PBXBuildFile; fileRef = 57DE2C1E2A8B7DB50032C4CA /* SceneDelegate.swift */; };
		57DE2C212A8B7DB50032C4CA /* MainViewController.swift in Sources */ = {isa = PBXBuildFile; fileRef = 57DE2C202A8B7DB50032C4CA /* MainViewController.swift */; };
		57DE2C242A8B7DB50032C4CA /* Main.storyboard in Resources */ = {isa = PBXBuildFile; fileRef = 57DE2C222A8B7DB50032C4CA /* Main.storyboard */; };
		57DE2C262A8B7DB70032C4CA /* Assets.xcassets in Resources */ = {isa = PBXBuildFile; fileRef = 57DE2C252A8B7DB70032C4CA /* Assets.xcassets */; };
		57DE2C292A8B7DB70032C4CA /* LaunchScreen.storyboard in Resources */ = {isa = PBXBuildFile; fileRef = 57DE2C272A8B7DB70032C4CA /* LaunchScreen.storyboard */; };
		57DE2C372A8B7E290032C4CA /* .gitignore in Resources */ = {isa = PBXBuildFile; fileRef = 57DE2C362A8B7E290032C4CA /* .gitignore */; };
		57DE2C392A8B7E570032C4CA /* UIViewController+.swift in Sources */ = {isa = PBXBuildFile; fileRef = 57DE2C382A8B7E570032C4CA /* UIViewController+.swift */; };
		57DE2C3B2A8B7EA80032C4CA /* UITableViewCell+.swift in Sources */ = {isa = PBXBuildFile; fileRef = 57DE2C3A2A8B7EA80032C4CA /* UITableViewCell+.swift */; };
		57DE2C3D2A8B7EB60032C4CA /* UICollectionViewCell+.swift in Sources */ = {isa = PBXBuildFile; fileRef = 57DE2C3C2A8B7EB60032C4CA /* UICollectionViewCell+.swift */; };
		57DE2C3F2A8B7F230032C4CA /* APIKey.swift in Sources */ = {isa = PBXBuildFile; fileRef = 57DE2C3E2A8B7F230032C4CA /* APIKey.swift */; };
		57DE2C422A8B7F9C0032C4CA /* MainTableViewCell.swift in Sources */ = {isa = PBXBuildFile; fileRef = 57DE2C402A8B7F9C0032C4CA /* MainTableViewCell.swift */; };
		57DE2C432A8B7F9C0032C4CA /* MainTableViewCell.xib in Resources */ = {isa = PBXBuildFile; fileRef = 57DE2C412A8B7F9C0032C4CA /* MainTableViewCell.xib */; };
		57DE2C482A8B86520032C4CA /* UIConvention.swift in Sources */ = {isa = PBXBuildFile; fileRef = 57DE2C472A8B86520032C4CA /* UIConvention.swift */; };
/* End PBXBuildFile section */

/* Begin PBXFileReference section */
		57DE2C192A8B7DB50032C4CA /* TMDB.app */ = {isa = PBXFileReference; explicitFileType = wrapper.application; includeInIndex = 0; path = TMDB.app; sourceTree = BUILT_PRODUCTS_DIR; };
		57DE2C1C2A8B7DB50032C4CA /* AppDelegate.swift */ = {isa = PBXFileReference; lastKnownFileType = sourcecode.swift; path = AppDelegate.swift; sourceTree = "<group>"; };
		57DE2C1E2A8B7DB50032C4CA /* SceneDelegate.swift */ = {isa = PBXFileReference; lastKnownFileType = sourcecode.swift; path = SceneDelegate.swift; sourceTree = "<group>"; };
		57DE2C202A8B7DB50032C4CA /* MainViewController.swift */ = {isa = PBXFileReference; lastKnownFileType = sourcecode.swift; path = MainViewController.swift; sourceTree = "<group>"; };
		57DE2C232A8B7DB50032C4CA /* Base */ = {isa = PBXFileReference; lastKnownFileType = file.storyboard; name = Base; path = Base.lproj/Main.storyboard; sourceTree = "<group>"; };
		57DE2C252A8B7DB70032C4CA /* Assets.xcassets */ = {isa = PBXFileReference; lastKnownFileType = folder.assetcatalog; path = Assets.xcassets; sourceTree = "<group>"; };
		57DE2C282A8B7DB70032C4CA /* Base */ = {isa = PBXFileReference; lastKnownFileType = file.storyboard; name = Base; path = Base.lproj/LaunchScreen.storyboard; sourceTree = "<group>"; };
		57DE2C2A2A8B7DB70032C4CA /* Info.plist */ = {isa = PBXFileReference; lastKnownFileType = text.plist.xml; path = Info.plist; sourceTree = "<group>"; };
		57DE2C362A8B7E290032C4CA /* .gitignore */ = {isa = PBXFileReference; lastKnownFileType = text; path = .gitignore; sourceTree = "<group>"; };
		57DE2C382A8B7E570032C4CA /* UIViewController+.swift */ = {isa = PBXFileReference; lastKnownFileType = sourcecode.swift; path = "UIViewController+.swift"; sourceTree = "<group>"; };
		57DE2C3A2A8B7EA80032C4CA /* UITableViewCell+.swift */ = {isa = PBXFileReference; lastKnownFileType = sourcecode.swift; path = "UITableViewCell+.swift"; sourceTree = "<group>"; };
		57DE2C3C2A8B7EB60032C4CA /* UICollectionViewCell+.swift */ = {isa = PBXFileReference; lastKnownFileType = sourcecode.swift; path = "UICollectionViewCell+.swift"; sourceTree = "<group>"; };
		57DE2C3E2A8B7F230032C4CA /* APIKey.swift */ = {isa = PBXFileReference; lastKnownFileType = sourcecode.swift; path = APIKey.swift; sourceTree = "<group>"; };
		57DE2C402A8B7F9C0032C4CA /* MainTableViewCell.swift */ = {isa = PBXFileReference; lastKnownFileType = sourcecode.swift; path = MainTableViewCell.swift; sourceTree = "<group>"; };
		57DE2C412A8B7F9C0032C4CA /* MainTableViewCell.xib */ = {isa = PBXFileReference; lastKnownFileType = file.xib; path = MainTableViewCell.xib; sourceTree = "<group>"; };
		57DE2C472A8B86520032C4CA /* UIConvention.swift */ = {isa = PBXFileReference; lastKnownFileType = sourcecode.swift; path = UIConvention.swift; sourceTree = "<group>"; };
/* End PBXFileReference section */

/* Begin PBXFrameworksBuildPhase section */
		57DE2C162A8B7DB50032C4CA /* Frameworks */ = {
			isa = PBXFrameworksBuildPhase;
			buildActionMask = 2147483647;
			files = (
			);
			runOnlyForDeploymentPostprocessing = 0;
		};
/* End PBXFrameworksBuildPhase section */

/* Begin PBXGroup section */
		57DE2C102A8B7DB50032C4CA = {
			isa = PBXGroup;
			children = (
				57DE2C362A8B7E290032C4CA /* .gitignore */,
				57DE2C1B2A8B7DB50032C4CA /* TMDB */,
				57DE2C1A2A8B7DB50032C4CA /* Products */,
			);
			sourceTree = "<group>";
		};
		57DE2C1A2A8B7DB50032C4CA /* Products */ = {
			isa = PBXGroup;
			children = (
				57DE2C192A8B7DB50032C4CA /* TMDB.app */,
			);
			name = Products;
			sourceTree = "<group>";
		};
		57DE2C1B2A8B7DB50032C4CA /* TMDB */ = {
			isa = PBXGroup;
			children = (
				57DE2C1C2A8B7DB50032C4CA /* AppDelegate.swift */,
				57DE2C1E2A8B7DB50032C4CA /* SceneDelegate.swift */,
				57DE2C342A8B7DED0032C4CA /* Model */,
				57DE2C302A8B7DD40032C4CA /* API */,
				57DE2C332A8B7DE40032C4CA /* Manager */,
				57DE2C322A8B7DDE0032C4CA /* Convention */,
				57DE2C312A8B7DD90032C4CA /* Scene */,
				57DE2C352A8B7DFC0032C4CA /* Extension+ */,
				57DE2C252A8B7DB70032C4CA /* Assets.xcassets */,
				57DE2C2A2A8B7DB70032C4CA /* Info.plist */,
			);
			path = TMDB;
			sourceTree = "<group>";
		};
		57DE2C302A8B7DD40032C4CA /* API */ = {
			isa = PBXGroup;
			children = (
				57DE2C3E2A8B7F230032C4CA /* APIKey.swift */,
			);
			path = API;
			sourceTree = "<group>";
		};
		57DE2C312A8B7DD90032C4CA /* Scene */ = {
			isa = PBXGroup;
			children = (
				57DE2C272A8B7DB70032C4CA /* LaunchScreen.storyboard */,
				57DE2C222A8B7DB50032C4CA /* Main.storyboard */,
				57DE2C452A8B7FA80032C4CA /* Main */,
			);
			path = Scene;
			sourceTree = "<group>";
		};
		57DE2C322A8B7DDE0032C4CA /* Convention */ = {
			isa = PBXGroup;
			children = (
				57DE2C472A8B86520032C4CA /* UIConvention.swift */,
			);
			path = Convention;
			sourceTree = "<group>";
		};
		57DE2C332A8B7DE40032C4CA /* Manager */ = {
			isa = PBXGroup;
			children = (
			);
			path = Manager;
			sourceTree = "<group>";
		};
		57DE2C342A8B7DED0032C4CA /* Model */ = {
			isa = PBXGroup;
			children = (
			);
			name = Model;
			sourceTree = "<group>";
		};
		57DE2C352A8B7DFC0032C4CA /* Extension+ */ = {
			isa = PBXGroup;
			children = (
				57DE2C382A8B7E570032C4CA /* UIViewController+.swift */,
				57DE2C3A2A8B7EA80032C4CA /* UITableViewCell+.swift */,
				57DE2C3C2A8B7EB60032C4CA /* UICollectionViewCell+.swift */,
			);
			path = "Extension+";
			sourceTree = "<group>";
		};
		57DE2C442A8B7FA00032C4CA /* Cell */ = {
			isa = PBXGroup;
			children = (
				57DE2C402A8B7F9C0032C4CA /* MainTableViewCell.swift */,
				57DE2C412A8B7F9C0032C4CA /* MainTableViewCell.xib */,
			);
			path = Cell;
			sourceTree = "<group>";
		};
		57DE2C452A8B7FA80032C4CA /* Main */ = {
			isa = PBXGroup;
			children = (
				57DE2C202A8B7DB50032C4CA /* MainViewController.swift */,
				57DE2C462A8B7FAE0032C4CA /* TableView */,
			);
			path = Main;
			sourceTree = "<group>";
		};
		57DE2C462A8B7FAE0032C4CA /* TableView */ = {
			isa = PBXGroup;
			children = (
				57DE2C442A8B7FA00032C4CA /* Cell */,
			);
			path = TableView;
			sourceTree = "<group>";
		};
/* End PBXGroup section */

/* Begin PBXNativeTarget section */
		57DE2C182A8B7DB50032C4CA /* TMDB */ = {
			isa = PBXNativeTarget;
			buildConfigurationList = 57DE2C2D2A8B7DB70032C4CA /* Build configuration list for PBXNativeTarget "TMDB" */;
			buildPhases = (
				57DE2C152A8B7DB50032C4CA /* Sources */,
				57DE2C162A8B7DB50032C4CA /* Frameworks */,
				57DE2C172A8B7DB50032C4CA /* Resources */,
			);
			buildRules = (
			);
			dependencies = (
			);
			name = TMDB;
			productName = TMDB;
			productReference = 57DE2C192A8B7DB50032C4CA /* TMDB.app */;
			productType = "com.apple.product-type.application";
		};
/* End PBXNativeTarget section */

/* Begin PBXProject section */
		57DE2C112A8B7DB50032C4CA /* Project object */ = {
			isa = PBXProject;
			attributes = {
				BuildIndependentTargetsInParallel = 1;
				LastSwiftUpdateCheck = 1420;
				LastUpgradeCheck = 1420;
				TargetAttributes = {
					57DE2C182A8B7DB50032C4CA = {
						CreatedOnToolsVersion = 14.2;
					};
				};
			};
			buildConfigurationList = 57DE2C142A8B7DB50032C4CA /* Build configuration list for PBXProject "TMDB" */;
			compatibilityVersion = "Xcode 14.0";
			developmentRegion = en;
			hasScannedForEncodings = 0;
			knownRegions = (
				en,
				Base,
			);
			mainGroup = 57DE2C102A8B7DB50032C4CA;
			productRefGroup = 57DE2C1A2A8B7DB50032C4CA /* Products */;
			projectDirPath = "";
			projectRoot = "";
			targets = (
				57DE2C182A8B7DB50032C4CA /* TMDB */,
			);
		};
/* End PBXProject section */

/* Begin PBXResourcesBuildPhase section */
		57DE2C172A8B7DB50032C4CA /* Resources */ = {
			isa = PBXResourcesBuildPhase;
			buildActionMask = 2147483647;
			files = (
				57DE2C372A8B7E290032C4CA /* .gitignore in Resources */,
				57DE2C292A8B7DB70032C4CA /* LaunchScreen.storyboard in Resources */,
				57DE2C262A8B7DB70032C4CA /* Assets.xcassets in Resources */,
				57DE2C242A8B7DB50032C4CA /* Main.storyboard in Resources */,
				57DE2C432A8B7F9C0032C4CA /* MainTableViewCell.xib in Resources */,
			);
			runOnlyForDeploymentPostprocessing = 0;
		};
/* End PBXResourcesBuildPhase section */

/* Begin PBXSourcesBuildPhase section */
		57DE2C152A8B7DB50032C4CA /* Sources */ = {
			isa = PBXSourcesBuildPhase;
			buildActionMask = 2147483647;
			files = (
				57DE2C3D2A8B7EB60032C4CA /* UICollectionViewCell+.swift in Sources */,
				57DE2C3F2A8B7F230032C4CA /* APIKey.swift in Sources */,
				57DE2C482A8B86520032C4CA /* UIConvention.swift in Sources */,
				57DE2C422A8B7F9C0032C4CA /* MainTableViewCell.swift in Sources */,
				57DE2C212A8B7DB50032C4CA /* MainViewController.swift in Sources */,
				57DE2C1D2A8B7DB50032C4CA /* AppDelegate.swift in Sources */,
				57DE2C392A8B7E570032C4CA /* UIViewController+.swift in Sources */,
				57DE2C3B2A8B7EA80032C4CA /* UITableViewCell+.swift in Sources */,
				57DE2C1F2A8B7DB50032C4CA /* SceneDelegate.swift in Sources */,
			);
			runOnlyForDeploymentPostprocessing = 0;
		};
/* End PBXSourcesBuildPhase section */

/* Begin PBXVariantGroup section */
		57DE2C222A8B7DB50032C4CA /* Main.storyboard */ = {
			isa = PBXVariantGroup;
			children = (
				57DE2C232A8B7DB50032C4CA /* Base */,
			);
			name = Main.storyboard;
			sourceTree = "<group>";
		};
		57DE2C272A8B7DB70032C4CA /* LaunchScreen.storyboard */ = {
			isa = PBXVariantGroup;
			children = (
				57DE2C282A8B7DB70032C4CA /* Base */,
			);
			name = LaunchScreen.storyboard;
			sourceTree = "<group>";
		};
/* End PBXVariantGroup section */

/* Begin XCBuildConfiguration section */
		57DE2C2B2A8B7DB70032C4CA /* Debug */ = {
			isa = XCBuildConfiguration;
			buildSettings = {
				ALWAYS_SEARCH_USER_PATHS = NO;
				CLANG_ANALYZER_NONNULL = YES;
				CLANG_ANALYZER_NUMBER_OBJECT_CONVERSION = YES_AGGRESSIVE;
				CLANG_CXX_LANGUAGE_STANDARD = "gnu++20";
				CLANG_ENABLE_MODULES = YES;
				CLANG_ENABLE_OBJC_ARC = YES;
				CLANG_ENABLE_OBJC_WEAK = YES;
				CLANG_WARN_BLOCK_CAPTURE_AUTORELEASING = YES;
				CLANG_WARN_BOOL_CONVERSION = YES;
				CLANG_WARN_COMMA = YES;
				CLANG_WARN_CONSTANT_CONVERSION = YES;
				CLANG_WARN_DEPRECATED_OBJC_IMPLEMENTATIONS = YES;
				CLANG_WARN_DIRECT_OBJC_ISA_USAGE = YES_ERROR;
				CLANG_WARN_DOCUMENTATION_COMMENTS = YES;
				CLANG_WARN_EMPTY_BODY = YES;
				CLANG_WARN_ENUM_CONVERSION = YES;
				CLANG_WARN_INFINITE_RECURSION = YES;
				CLANG_WARN_INT_CONVERSION = YES;
				CLANG_WARN_NON_LITERAL_NULL_CONVERSION = YES;
				CLANG_WARN_OBJC_IMPLICIT_RETAIN_SELF = YES;
				CLANG_WARN_OBJC_LITERAL_CONVERSION = YES;
				CLANG_WARN_OBJC_ROOT_CLASS = YES_ERROR;
				CLANG_WARN_QUOTED_INCLUDE_IN_FRAMEWORK_HEADER = YES;
				CLANG_WARN_RANGE_LOOP_ANALYSIS = YES;
				CLANG_WARN_STRICT_PROTOTYPES = YES;
				CLANG_WARN_SUSPICIOUS_MOVE = YES;
				CLANG_WARN_UNGUARDED_AVAILABILITY = YES_AGGRESSIVE;
				CLANG_WARN_UNREACHABLE_CODE = YES;
				CLANG_WARN__DUPLICATE_METHOD_MATCH = YES;
				COPY_PHASE_STRIP = NO;
				DEBUG_INFORMATION_FORMAT = dwarf;
				ENABLE_STRICT_OBJC_MSGSEND = YES;
				ENABLE_TESTABILITY = YES;
				GCC_C_LANGUAGE_STANDARD = gnu11;
				GCC_DYNAMIC_NO_PIC = NO;
				GCC_NO_COMMON_BLOCKS = YES;
				GCC_OPTIMIZATION_LEVEL = 0;
				GCC_PREPROCESSOR_DEFINITIONS = (
					"DEBUG=1",
					"$(inherited)",
				);
				GCC_WARN_64_TO_32_BIT_CONVERSION = YES;
				GCC_WARN_ABOUT_RETURN_TYPE = YES_ERROR;
				GCC_WARN_UNDECLARED_SELECTOR = YES;
				GCC_WARN_UNINITIALIZED_AUTOS = YES_AGGRESSIVE;
				GCC_WARN_UNUSED_FUNCTION = YES;
				GCC_WARN_UNUSED_VARIABLE = YES;
				IPHONEOS_DEPLOYMENT_TARGET = 16.2;
				MTL_ENABLE_DEBUG_INFO = INCLUDE_SOURCE;
				MTL_FAST_MATH = YES;
				ONLY_ACTIVE_ARCH = YES;
				SDKROOT = iphoneos;
				SWIFT_ACTIVE_COMPILATION_CONDITIONS = DEBUG;
				SWIFT_OPTIMIZATION_LEVEL = "-Onone";
			};
			name = Debug;
		};
		57DE2C2C2A8B7DB70032C4CA /* Release */ = {
			isa = XCBuildConfiguration;
			buildSettings = {
				ALWAYS_SEARCH_USER_PATHS = NO;
				CLANG_ANALYZER_NONNULL = YES;
				CLANG_ANALYZER_NUMBER_OBJECT_CONVERSION = YES_AGGRESSIVE;
				CLANG_CXX_LANGUAGE_STANDARD = "gnu++20";
				CLANG_ENABLE_MODULES = YES;
				CLANG_ENABLE_OBJC_ARC = YES;
				CLANG_ENABLE_OBJC_WEAK = YES;
				CLANG_WARN_BLOCK_CAPTURE_AUTORELEASING = YES;
				CLANG_WARN_BOOL_CONVERSION = YES;
				CLANG_WARN_COMMA = YES;
				CLANG_WARN_CONSTANT_CONVERSION = YES;
				CLANG_WARN_DEPRECATED_OBJC_IMPLEMENTATIONS = YES;
				CLANG_WARN_DIRECT_OBJC_ISA_USAGE = YES_ERROR;
				CLANG_WARN_DOCUMENTATION_COMMENTS = YES;
				CLANG_WARN_EMPTY_BODY = YES;
				CLANG_WARN_ENUM_CONVERSION = YES;
				CLANG_WARN_INFINITE_RECURSION = YES;
				CLANG_WARN_INT_CONVERSION = YES;
				CLANG_WARN_NON_LITERAL_NULL_CONVERSION = YES;
				CLANG_WARN_OBJC_IMPLICIT_RETAIN_SELF = YES;
				CLANG_WARN_OBJC_LITERAL_CONVERSION = YES;
				CLANG_WARN_OBJC_ROOT_CLASS = YES_ERROR;
				CLANG_WARN_QUOTED_INCLUDE_IN_FRAMEWORK_HEADER = YES;
				CLANG_WARN_RANGE_LOOP_ANALYSIS = YES;
				CLANG_WARN_STRICT_PROTOTYPES = YES;
				CLANG_WARN_SUSPICIOUS_MOVE = YES;
				CLANG_WARN_UNGUARDED_AVAILABILITY = YES_AGGRESSIVE;
				CLANG_WARN_UNREACHABLE_CODE = YES;
				CLANG_WARN__DUPLICATE_METHOD_MATCH = YES;
				COPY_PHASE_STRIP = NO;
				DEBUG_INFORMATION_FORMAT = "dwarf-with-dsym";
				ENABLE_NS_ASSERTIONS = NO;
				ENABLE_STRICT_OBJC_MSGSEND = YES;
				GCC_C_LANGUAGE_STANDARD = gnu11;
				GCC_NO_COMMON_BLOCKS = YES;
				GCC_WARN_64_TO_32_BIT_CONVERSION = YES;
				GCC_WARN_ABOUT_RETURN_TYPE = YES_ERROR;
				GCC_WARN_UNDECLARED_SELECTOR = YES;
				GCC_WARN_UNINITIALIZED_AUTOS = YES_AGGRESSIVE;
				GCC_WARN_UNUSED_FUNCTION = YES;
				GCC_WARN_UNUSED_VARIABLE = YES;
				IPHONEOS_DEPLOYMENT_TARGET = 16.2;
				MTL_ENABLE_DEBUG_INFO = NO;
				MTL_FAST_MATH = YES;
				SDKROOT = iphoneos;
				SWIFT_COMPILATION_MODE = wholemodule;
				SWIFT_OPTIMIZATION_LEVEL = "-O";
				VALIDATE_PRODUCT = YES;
			};
			name = Release;
		};
		57DE2C2E2A8B7DB70032C4CA /* Debug */ = {
			isa = XCBuildConfiguration;
			buildSettings = {
				ASSETCATALOG_COMPILER_APPICON_NAME = AppIcon;
				ASSETCATALOG_COMPILER_GLOBAL_ACCENT_COLOR_NAME = AccentColor;
				CODE_SIGN_STYLE = Automatic;
				CURRENT_PROJECT_VERSION = 1;
				DEVELOPMENT_TEAM = 86BUJA8T6M;
				GENERATE_INFOPLIST_FILE = YES;
				INFOPLIST_FILE = TMDB/Info.plist;
				INFOPLIST_KEY_UIApplicationSupportsIndirectInputEvents = YES;
				INFOPLIST_KEY_UILaunchStoryboardName = LaunchScreen;
				INFOPLIST_KEY_UIMainStoryboardFile = Main;
				INFOPLIST_KEY_UISupportedInterfaceOrientations_iPad = "UIInterfaceOrientationPortrait UIInterfaceOrientationPortraitUpsideDown UIInterfaceOrientationLandscapeLeft UIInterfaceOrientationLandscapeRight";
				INFOPLIST_KEY_UISupportedInterfaceOrientations_iPhone = "UIInterfaceOrientationPortrait UIInterfaceOrientationLandscapeLeft UIInterfaceOrientationLandscapeRight";
				LD_RUNPATH_SEARCH_PATHS = (
					"$(inherited)",
					"@executable_path/Frameworks",
				);
				MARKETING_VERSION = 1.0;
				PRODUCT_BUNDLE_IDENTIFIER = com.prodvssw.98.TMDB;
				PRODUCT_NAME = "$(TARGET_NAME)";
				SUPPORTED_PLATFORMS = "iphoneos iphonesimulator";
				SUPPORTS_MACCATALYST = NO;
				SUPPORTS_MAC_DESIGNED_FOR_IPHONE_IPAD = NO;
				SWIFT_EMIT_LOC_STRINGS = YES;
				SWIFT_VERSION = 5.0;
				TARGETED_DEVICE_FAMILY = 1;
			};
			name = Debug;
		};
		57DE2C2F2A8B7DB70032C4CA /* Release */ = {
			isa = XCBuildConfiguration;
			buildSettings = {
				ASSETCATALOG_COMPILER_APPICON_NAME = AppIcon;
				ASSETCATALOG_COMPILER_GLOBAL_ACCENT_COLOR_NAME = AccentColor;
				CODE_SIGN_STYLE = Automatic;
				CURRENT_PROJECT_VERSION = 1;
				DEVELOPMENT_TEAM = 86BUJA8T6M;
				GENERATE_INFOPLIST_FILE = YES;
				INFOPLIST_FILE = TMDB/Info.plist;
				INFOPLIST_KEY_UIApplicationSupportsIndirectInputEvents = YES;
				INFOPLIST_KEY_UILaunchStoryboardName = LaunchScreen;
				INFOPLIST_KEY_UIMainStoryboardFile = Main;
				INFOPLIST_KEY_UISupportedInterfaceOrientations_iPad = "UIInterfaceOrientationPortrait UIInterfaceOrientationPortraitUpsideDown UIInterfaceOrientationLandscapeLeft UIInterfaceOrientationLandscapeRight";
				INFOPLIST_KEY_UISupportedInterfaceOrientations_iPhone = "UIInterfaceOrientationPortrait UIInterfaceOrientationLandscapeLeft UIInterfaceOrientationLandscapeRight";
				LD_RUNPATH_SEARCH_PATHS = (
					"$(inherited)",
					"@executable_path/Frameworks",
				);
				MARKETING_VERSION = 1.0;
				PRODUCT_BUNDLE_IDENTIFIER = com.prodvssw.98.TMDB;
				PRODUCT_NAME = "$(TARGET_NAME)";
				SUPPORTED_PLATFORMS = "iphoneos iphonesimulator";
				SUPPORTS_MACCATALYST = NO;
				SUPPORTS_MAC_DESIGNED_FOR_IPHONE_IPAD = NO;
				SWIFT_EMIT_LOC_STRINGS = YES;
				SWIFT_VERSION = 5.0;
				TARGETED_DEVICE_FAMILY = 1;
			};
			name = Release;
		};
/* End XCBuildConfiguration section */

/* Begin XCConfigurationList section */
		57DE2C142A8B7DB50032C4CA /* Build configuration list for PBXProject "TMDB" */ = {
			isa = XCConfigurationList;
			buildConfigurations = (
				57DE2C2B2A8B7DB70032C4CA /* Debug */,
				57DE2C2C2A8B7DB70032C4CA /* Release */,
			);
			defaultConfigurationIsVisible = 0;
			defaultConfigurationName = Release;
		};
		57DE2C2D2A8B7DB70032C4CA /* Build configuration list for PBXNativeTarget "TMDB" */ = {
			isa = XCConfigurationList;
			buildConfigurations = (
				57DE2C2E2A8B7DB70032C4CA /* Debug */,
				57DE2C2F2A8B7DB70032C4CA /* Release */,
			);
			defaultConfigurationIsVisible = 0;
			defaultConfigurationName = Release;
		};
/* End XCConfigurationList section */
	};
	rootObject = 57DE2C112A8B7DB50032C4CA /* Project object */;
}
